# THIS IS AN AUTOGENERATED FILE. DO NOT EDIT THIS FILE DIRECTLY.
# yarn lockfile v1


"@actions/artifact@^0.1.0":
  version "0.1.0"
  resolved "https://registry.yarnpkg.com/@actions/artifact/-/artifact-0.1.0.tgz#ba13f47105b2729e5563c4963eb31a4e4c01cb87"
  integrity sha512-UOGv9FXfNuzs7v9JzX++h2j2/0lqhKp2yso0LwbaNsUTPyemLr5v4BUZj5R7d292jQvpuhh/+Psgwepc3g/DDg==
  dependencies:
    "@actions/core" "^1.2.1"
    "@actions/http-client" "^1.0.6"

"@actions/core@^1.2.1", "@actions/core@^1.2.6":
  version "1.2.6"
  resolved "https://registry.yarnpkg.com/@actions/core/-/core-1.2.6.tgz#a78d49f41a4def18e88ce47c2cac615d5694bf09"
  integrity sha512-ZQYitnqiyBc3D+k7LsgSBmMDVkOVidaagDG7j3fOym77jNunWRuYx7VSHa9GNfFZh+zh61xsCjRj4JxMZlDqTA==

"@actions/exec@^1.0.3":
  version "1.0.3"
  resolved "https://registry.yarnpkg.com/@actions/exec/-/exec-1.0.3.tgz#b967f8700d6ff011dcc91243b58bafc1bb9ab95f"
  integrity sha512-TogJGnueOmM7ntCi0ASTUj4LapRRtDfj57Ja4IhPmg2fls28uVOPbAn8N+JifaOumN2UG3oEO/Ixek2A4NcYSA==
  dependencies:
    "@actions/io" "^1.0.1"

"@actions/http-client@^1.0.6":
  version "1.0.6"
  resolved "https://registry.yarnpkg.com/@actions/http-client/-/http-client-1.0.6.tgz#6f9267ca50e1d74d8581f4a894a943cd4c97b49a"
  integrity sha512-LGmio4w98UyGX33b/W6V6Nx/sQHRXZ859YlMkn36wPsXPB82u8xTVlA/Dq2DXrm6lEq9RVmisRJa1c+HETAIJA==
  dependencies:
    tunnel "0.0.6"

"@actions/io@^1.0.1":
  version "1.0.2"
  resolved "https://registry.yarnpkg.com/@actions/io/-/io-1.0.2.tgz#2f614b6e69ce14d191180451eb38e6576a6e6b27"
  integrity sha512-J8KuFqVPr3p6U8W93DOXlXW6zFvrQAJANdS+vw0YhusLIq+bszW8zmK2Fh1C2kDPX8FMvwIl1OUcFgvJoXLbAg==

tunnel@0.0.6:
  version "0.0.6"
  resolved "https://registry.yarnpkg.com/tunnel/-/tunnel-0.0.6.tgz#72f1314b34a5b192db012324df2cc587ca47f92c"
  integrity sha512-1h/Lnq9yajKY2PEbBadPXj3VxsDDu844OnaAo52UVmIzIvwwtBPIuNvkjuzBlTWpfJyUbG3ez0KSBibQkj4ojg==
